// !$*UTF8*$!
{
	archiveVersion = 1;
	classes = {
	};
	objectVersion = 46;
	objects = {

/* Begin PBXBuildFile section */
		25652FA91E70DE3500B9673E /* main.m in Sources */ = {isa = PBXBuildFile; fileRef = 25652FA81E70DE3500B9673E /* main.m */; };
		25652FAC1E70DE3500B9673E /* AppDelegate.m in Sources */ = {isa = PBXBuildFile; fileRef = 25652FAB1E70DE3500B9673E /* AppDelegate.m */; };
		25652FB21E70DE3600B9673E /* Main.storyboard in Resources */ = {isa = PBXBuildFile; fileRef = 25652FB01E70DE3600B9673E /* Main.storyboard */; };
		25652FB41E70DE3600B9673E /* Assets.xcassets in Resources */ = {isa = PBXBuildFile; fileRef = 25652FB31E70DE3600B9673E /* Assets.xcassets */; };
		25652FB71E70DE3600B9673E /* LaunchScreen.storyboard in Resources */ = {isa = PBXBuildFile; fileRef = 25652FB51E70DE3600B9673E /* LaunchScreen.storyboard */; };
		25652FC21E70DE3600B9673E /* FactoryTests.m in Sources */ = {isa = PBXBuildFile; fileRef = 25652FC11E70DE3600B9673E /* FactoryTests.m */; };
		25652FCD1E70DE3600B9673E /* FactoryUITests.m in Sources */ = {isa = PBXBuildFile; fileRef = 25652FCC1E70DE3600B9673E /* FactoryUITests.m */; };
		25652FDC1E70DE6900B9673E /* RootTableViewController.m in Sources */ = {isa = PBXBuildFile; fileRef = 25652FDB1E70DE6900B9673E /* RootTableViewController.m */; };
		25652FDF1E70DE8700B9673E /* YCWebImage.m in Sources */ = {isa = PBXBuildFile; fileRef = 25652FDE1E70DE8700B9673E /* YCWebImage.m */; };
		25652FE11E70DF2600B9673E /* data.plist in Resources */ = {isa = PBXBuildFile; fileRef = 25652FE01E70DF2600B9673E /* data.plist */; };
		25652FE61E70DFF000B9673E /* BaseModel.m in Sources */ = {isa = PBXBuildFile; fileRef = 25652FE51E70DFF000B9673E /* BaseModel.m */; };
		25652FE91E70E00200B9673E /* OneModel.m in Sources */ = {isa = PBXBuildFile; fileRef = 25652FE81E70E00200B9673E /* OneModel.m */; };
		25652FEC1E70E00A00B9673E /* TwoModel.m in Sources */ = {isa = PBXBuildFile; fileRef = 25652FEB1E70E00A00B9673E /* TwoModel.m */; };
		25652FF21E70E02700B9673E /* ThreeModel.m in Sources */ = {isa = PBXBuildFile; fileRef = 25652FF11E70E02700B9673E /* ThreeModel.m */; };
		25652FF51E70E10F00B9673E /* BaseCell.m in Sources */ = {isa = PBXBuildFile; fileRef = 25652FF41E70E10F00B9673E /* BaseCell.m */; };
		25652FF81E70E12600B9673E /* OneModelCell.m in Sources */ = {isa = PBXBuildFile; fileRef = 25652FF71E70E12600B9673E /* OneModelCell.m */; };
		25652FFB1E70E13900B9673E /* TwoModelCell.m in Sources */ = {isa = PBXBuildFile; fileRef = 25652FFA1E70E13900B9673E /* TwoModelCell.m */; };
		25652FFE1E70E14300B9673E /* ThreeModelCell.m in Sources */ = {isa = PBXBuildFile; fileRef = 25652FFD1E70E14300B9673E /* ThreeModelCell.m */; };
/* End PBXBuildFile section */

/* Begin PBXContainerItemProxy section */
		25652FBE1E70DE3600B9673E /* PBXContainerItemProxy */ = {
			isa = PBXContainerItemProxy;
			containerPortal = 25652F9C1E70DE3500B9673E /* Project object */;
			proxyType = 1;
			remoteGlobalIDString = 25652FA31E70DE3500B9673E;
			remoteInfo = Factory;
		};
		25652FC91E70DE3600B9673E /* PBXContainerItemProxy */ = {
			isa = PBXContainerItemProxy;
			containerPortal = 25652F9C1E70DE3500B9673E /* Project object */;
			proxyType = 1;
			remoteGlobalIDString = 25652FA31E70DE3500B9673E;
			remoteInfo = Factory;
		};
/* End PBXContainerItemProxy section */

/* Begin PBXFileReference section */
		25652FA41E70DE3500B9673E /* Factory.app */ = {isa = PBXFileReference; explicitFileType = wrapper.application; includeInIndex = 0; path = Factory.app; sourceTree = BUILT_PRODUCTS_DIR; };
		25652FA81E70DE3500B9673E /* main.m */ = {isa = PBXFileReference; lastKnownFileType = sourcecode.c.objc; path = main.m; sourceTree = "<group>"; };
		25652FAA1E70DE3500B9673E /* AppDelegate.h */ = {isa = PBXFileReference; lastKnownFileType = sourcecode.c.h; path = AppDelegate.h; sourceTree = "<group>"; };
		25652FAB1E70DE3500B9673E /* AppDelegate.m */ = {isa = PBXFileReference; lastKnownFileType = sourcecode.c.objc; path = AppDelegate.m; sourceTree = "<group>"; };
		25652FB11E70DE3600B9673E /* Base */ = {isa = PBXFileReference; lastKnownFileType = file.storyboard; name = Base; path = Base.lproj/Main.storyboard; sourceTree = "<group>"; };
		25652FB31E70DE3600B9673E /* Assets.xcassets */ = {isa = PBXFileReference; lastKnownFileType = folder.assetcatalog; path = Assets.xcassets; sourceTree = "<group>"; };
		25652FB61E70DE3600B9673E /* Base */ = {isa = PBXFileReference; lastKnownFileType = file.storyboard; name = Base; path = Base.lproj/LaunchScreen.storyboard; sourceTree = "<group>"; };
		25652FB81E70DE3600B9673E /* Info.plist */ = {isa = PBXFileReference; lastKnownFileType = text.plist.xml; path = Info.plist; sourceTree = "<group>"; };
		25652FBD1E70DE3600B9673E /* FactoryTests.xctest */ = {isa = PBXFileReference; explicitFileType = wrapper.cfbundle; includeInIndex = 0; path = FactoryTests.xctest; sourceTree = BUILT_PRODUCTS_DIR; };
		25652FC11E70DE3600B9673E /* FactoryTests.m */ = {isa = PBXFileReference; lastKnownFileType = sourcecode.c.objc; path = FactoryTests.m; sourceTree = "<group>"; };
		25652FC31E70DE3600B9673E /* Info.plist */ = {isa = PBXFileReference; lastKnownFileType = text.plist.xml; path = Info.plist; sourceTree = "<group>"; };
		25652FC81E70DE3600B9673E /* FactoryUITests.xctest */ = {isa = PBXFileReference; explicitFileType = wrapper.cfbundle; includeInIndex = 0; path = FactoryUITests.xctest; sourceTree = BUILT_PRODUCTS_DIR; };
		25652FCC1E70DE3600B9673E /* FactoryUITests.m */ = {isa = PBXFileReference; lastKnownFileType = sourcecode.c.objc; path = FactoryUITests.m; sourceTree = "<group>"; };
		25652FCE1E70DE3600B9673E /* Info.plist */ = {isa = PBXFileReference; lastKnownFileType = text.plist.xml; path = Info.plist; sourceTree = "<group>"; };
		25652FDA1E70DE6900B9673E /* RootTableViewController.h */ = {isa = PBXFileReference; fileEncoding = 4; lastKnownFileType = sourcecode.c.h; path = RootTableViewController.h; sourceTree = "<group>"; };
		25652FDB1E70DE6900B9673E /* RootTableViewController.m */ = {isa = PBXFileReference; fileEncoding = 4; lastKnownFileType = sourcecode.c.objc; path = RootTableViewController.m; sourceTree = "<group>"; };
		25652FDD1E70DE8700B9673E /* YCWebImage.h */ = {isa = PBXFileReference; fileEncoding = 4; lastKnownFileType = sourcecode.c.h; path = YCWebImage.h; sourceTree = "<group>"; };
		25652FDE1E70DE8700B9673E /* YCWebImage.m */ = {isa = PBXFileReference; fileEncoding = 4; lastKnownFileType = sourcecode.c.objc; path = YCWebImage.m; sourceTree = "<group>"; };
		25652FE01E70DF2600B9673E /* data.plist */ = {isa = PBXFileReference; fileEncoding = 4; lastKnownFileType = text.plist.xml; path = data.plist; sourceTree = "<group>"; };
		25652FE41E70DFF000B9673E /* BaseModel.h */ = {isa = PBXFileReference; fileEncoding = 4; lastKnownFileType = sourcecode.c.h; path = BaseModel.h; sourceTree = "<group>"; };
		25652FE51E70DFF000B9673E /* BaseModel.m */ = {isa = PBXFileReference; fileEncoding = 4; lastKnownFileType = sourcecode.c.objc; path = BaseModel.m; sourceTree = "<group>"; };
		25652FE71E70E00200B9673E /* OneModel.h */ = {isa = PBXFileReference; fileEncoding = 4; lastKnownFileType = sourcecode.c.h; path = OneModel.h; sourceTree = "<group>"; };
		25652FE81E70E00200B9673E /* OneModel.m */ = {isa = PBXFileReference; fileEncoding = 4; lastKnownFileType = sourcecode.c.objc; path = OneModel.m; sourceTree = "<group>"; };
		25652FEA1E70E00A00B9673E /* TwoModel.h */ = {isa = PBXFileReference; fileEncoding = 4; lastKnownFileType = sourcecode.c.h; path = TwoModel.h; sourceTree = "<group>"; };
		25652FEB1E70E00A00B9673E /* TwoModel.m */ = {isa = PBXFileReference; fileEncoding = 4; lastKnownFileType = sourcecode.c.objc; path = TwoModel.m; sourceTree = "<group>"; };
		25652FF01E70E02700B9673E /* ThreeModel.h */ = {isa = PBXFileReference; fileEncoding = 4; lastKnownFileType = sourcecode.c.h; path = ThreeModel.h; sourceTree = "<group>"; };
		25652FF11E70E02700B9673E /* ThreeModel.m */ = {isa = PBXFileReference; fileEncoding = 4; lastKnownFileType = sourcecode.c.objc; path = ThreeModel.m; sourceTree = "<group>"; };
		25652FF31E70E10F00B9673E /* BaseCell.h */ = {isa = PBXFileReference; fileEncoding = 4; lastKnownFileType = sourcecode.c.h; path = BaseCell.h; sourceTree = "<group>"; };
		25652FF41E70E10F00B9673E /* BaseCell.m */ = {isa = PBXFileReference; fileEncoding = 4; lastKnownFileType = sourcecode.c.objc; path = BaseCell.m; sourceTree = "<group>"; };
		25652FF61E70E12600B9673E /* OneModelCell.h */ = {isa = PBXFileReference; fileEncoding = 4; lastKnownFileType = sourcecode.c.h; path = OneModelCell.h; sourceTree = "<group>"; };
		25652FF71E70E12600B9673E /* OneModelCell.m */ = {isa = PBXFileReference; fileEncoding = 4; lastKnownFileType = sourcecode.c.objc; path = OneModelCell.m; sourceTree = "<group>"; };
		25652FF91E70E13900B9673E /* TwoModelCell.h */ = {isa = PBXFileReference; fileEncoding = 4; lastKnownFileType = sourcecode.c.h; path = TwoModelCell.h; sourceTree = "<group>"; };
		25652FFA1E70E13900B9673E /* TwoModelCell.m */ = {isa = PBXFileReference; fileEncoding = 4; lastKnownFileType = sourcecode.c.objc; path = TwoModelCell.m; sourceTree = "<group>"; };
		25652FFC1E70E14300B9673E /* ThreeModelCell.h */ = {isa = PBXFileReference; fileEncoding = 4; lastKnownFileType = sourcecode.c.h; path = ThreeModelCell.h; sourceTree = "<group>"; };
		25652FFD1E70E14300B9673E /* ThreeModelCell.m */ = {isa = PBXFileReference; fileEncoding = 4; lastKnownFileType = sourcecode.c.objc; path = ThreeModelCell.m; sourceTree = "<group>"; };
		25652FFF1E70EB7C00B9673E /* PrefixHeader.pch */ = {isa = PBXFileReference; lastKnownFileType = sourcecode.c.h; path = PrefixHeader.pch; sourceTree = "<group>"; };
/* End PBXFileReference section */

/* Begin PBXFrameworksBuildPhase section */
		25652FA11E70DE3500B9673E /* Frameworks */ = {
			isa = PBXFrameworksBuildPhase;
			buildActionMask = 2147483647;
			files = (
			);
			runOnlyForDeploymentPostprocessing = 0;
		};
		25652FBA1E70DE3600B9673E /* Frameworks */ = {
			isa = PBXFrameworksBuildPhase;
			buildActionMask = 2147483647;
			files = (
			);
			runOnlyForDeploymentPostprocessing = 0;
		};
		25652FC51E70DE3600B9673E /* Frameworks */ = {
			isa = PBXFrameworksBuildPhase;
			buildActionMask = 2147483647;
			files = (
			);
			runOnlyForDeploymentPostprocessing = 0;
		};
/* End PBXFrameworksBuildPhase section */

/* Begin PBXGroup section */
		25652F9B1E70DE3500B9673E = {
			isa = PBXGroup;
			children = (
				25652FA61E70DE3500B9673E /* Factory */,
				25652FC01E70DE3600B9673E /* FactoryTests */,
				25652FCB1E70DE3600B9673E /* FactoryUITests */,
				25652FA51E70DE3500B9673E /* Products */,
			);
			sourceTree = "<group>";
		};
		25652FA51E70DE3500B9673E /* Products */ = {
			isa = PBXGroup;
			children = (
				25652FA41E70DE3500B9673E /* Factory.app */,
				25652FBD1E70DE3600B9673E /* FactoryTests.xctest */,
				25652FC81E70DE3600B9673E /* FactoryUITests.xctest */,
			);
			name = Products;
			sourceTree = "<group>";
		};
		25652FA61E70DE3500B9673E /* Factory */ = {
			isa = PBXGroup;
			children = (
				25652FAA1E70DE3500B9673E /* AppDelegate.h */,
				25652FAB1E70DE3500B9673E /* AppDelegate.m */,
				25652FDA1E70DE6900B9673E /* RootTableViewController.h */,
				25652FDB1E70DE6900B9673E /* RootTableViewController.m */,
				25652FE21E70DFE600B9673E /* CellMode */,
				25652FE31E70DFE600B9673E /* Cell */,
				25652FB01E70DE3600B9673E /* Main.storyboard */,
				25652FB31E70DE3600B9673E /* Assets.xcassets */,
				25652FB51E70DE3600B9673E /* LaunchScreen.storyboard */,
				25652FB81E70DE3600B9673E /* Info.plist */,
				25652FA71E70DE3500B9673E /* Supporting Files */,
			);
			path = Factory;
			sourceTree = "<group>";
		};
		25652FA71E70DE3500B9673E /* Supporting Files */ = {
			isa = PBXGroup;
			children = (
				25652FE01E70DF2600B9673E /* data.plist */,
				25652FA81E70DE3500B9673E /* main.m */,
				25652FDD1E70DE8700B9673E /* YCWebImage.h */,
				25652FDE1E70DE8700B9673E /* YCWebImage.m */,
				25652FFF1E70EB7C00B9673E /* PrefixHeader.pch */,
			);
			name = "Supporting Files";
			sourceTree = "<group>";
		};
		25652FC01E70DE3600B9673E /* FactoryTests */ = {
			isa = PBXGroup;
			children = (
				25652FC11E70DE3600B9673E /* FactoryTests.m */,
				25652FC31E70DE3600B9673E /* Info.plist */,
			);
			path = FactoryTests;
			sourceTree = "<group>";
		};
		25652FCB1E70DE3600B9673E /* FactoryUITests */ = {
			isa = PBXGroup;
			children = (
				25652FCC1E70DE3600B9673E /* FactoryUITests.m */,
				25652FCE1E70DE3600B9673E /* Info.plist */,
			);
			path = FactoryUITests;
			sourceTree = "<group>";
		};
		25652FE21E70DFE600B9673E /* CellMode */ = {
			isa = PBXGroup;
			children = (
				25652FE41E70DFF000B9673E /* BaseModel.h */,
				25652FE51E70DFF000B9673E /* BaseModel.m */,
				25652FE71E70E00200B9673E /* OneModel.h */,
				25652FE81E70E00200B9673E /* OneModel.m */,
				25652FEA1E70E00A00B9673E /* TwoModel.h */,
				25652FEB1E70E00A00B9673E /* TwoModel.m */,
				25652FF01E70E02700B9673E /* ThreeModel.h */,
				25652FF11E70E02700B9673E /* ThreeModel.m */,
			);
			path = CellMode;
			sourceTree = "<group>";
		};
		25652FE31E70DFE600B9673E /* Cell */ = {
			isa = PBXGroup;
			children = (
				25652FF31E70E10F00B9673E /* BaseCell.h */,
				25652FF41E70E10F00B9673E /* BaseCell.m */,
				25652FF61E70E12600B9673E /* OneModelCell.h */,
				25652FF71E70E12600B9673E /* OneModelCell.m */,
				25652FF91E70E13900B9673E /* TwoModelCell.h */,
				25652FFA1E70E13900B9673E /* TwoModelCell.m */,
				25652FFC1E70E14300B9673E /* ThreeModelCell.h */,
				25652FFD1E70E14300B9673E /* ThreeModelCell.m */,
			);
			path = Cell;
			sourceTree = "<group>";
		};
/* End PBXGroup section */

/* Begin PBXNativeTarget section */
		25652FA31E70DE3500B9673E /* Factory */ = {
			isa = PBXNativeTarget;
			buildConfigurationList = 25652FD11E70DE3600B9673E /* Build configuration list for PBXNativeTarget "Factory" */;
			buildPhases = (
				25652FA01E70DE3500B9673E /* Sources */,
				25652FA11E70DE3500B9673E /* Frameworks */,
				25652FA21E70DE3500B9673E /* Resources */,
			);
			buildRules = (
			);
			dependencies = (
			);
			name = Factory;
			productName = Factory;
			productReference = 25652FA41E70DE3500B9673E /* Factory.app */;
			productType = "com.apple.product-type.application";
		};
		25652FBC1E70DE3600B9673E /* FactoryTests */ = {
			isa = PBXNativeTarget;
			buildConfigurationList = 25652FD41E70DE3600B9673E /* Build configuration list for PBXNativeTarget "FactoryTests" */;
			buildPhases = (
				25652FB91E70DE3600B9673E /* Sources */,
				25652FBA1E70DE3600B9673E /* Frameworks */,
				25652FBB1E70DE3600B9673E /* Resources */,
			);
			buildRules = (
			);
			dependencies = (
				25652FBF1E70DE3600B9673E /* PBXTargetDependency */,
			);
			name = FactoryTests;
			productName = FactoryTests;
			productReference = 25652FBD1E70DE3600B9673E /* FactoryTests.xctest */;
			productType = "com.apple.product-type.bundle.unit-test";
		};
		25652FC71E70DE3600B9673E /* FactoryUITests */ = {
			isa = PBXNativeTarget;
			buildConfigurationList = 25652FD71E70DE3600B9673E /* Build configuration list for PBXNativeTarget "FactoryUITests" */;
			buildPhases = (
				25652FC41E70DE3600B9673E /* Sources */,
				25652FC51E70DE3600B9673E /* Frameworks */,
				25652FC61E70DE3600B9673E /* Resources */,
			);
			buildRules = (
			);
			dependencies = (
				25652FCA1E70DE3600B9673E /* PBXTargetDependency */,
			);
			name = FactoryUITests;
			productName = FactoryUITests;
			productReference = 25652FC81E70DE3600B9673E /* FactoryUITests.xctest */;
			productType = "com.apple.product-type.bundle.ui-testing";
		};
/* End PBXNativeTarget section */

/* Begin PBXProject section */
		25652F9C1E70DE3500B9673E /* Project object */ = {
			isa = PBXProject;
			attributes = {
				LastUpgradeCheck = 0820;
				ORGANIZATIONNAME = "YueChao An";
				TargetAttributes = {
					25652FA31E70DE3500B9673E = {
						CreatedOnToolsVersion = 8.2.1;
						DevelopmentTeam = D6NH4X2WX7;
						ProvisioningStyle = Automatic;
					};
					25652FBC1E70DE3600B9673E = {
						CreatedOnToolsVersion = 8.2.1;
						ProvisioningStyle = Automatic;
						TestTargetID = 25652FA31E70DE3500B9673E;
					};
					25652FC71E70DE3600B9673E = {
						CreatedOnToolsVersion = 8.2.1;
						ProvisioningStyle = Automatic;
						TestTargetID = 25652FA31E70DE3500B9673E;
					};
				};
			};
			buildConfigurationList = 25652F9F1E70DE3500B9673E /* Build configuration list for PBXProject "Factory" */;
			compatibilityVersion = "Xcode 3.2";
			developmentRegion = English;
			hasScannedForEncodings = 0;
			knownRegions = (
				en,
				Base,
			);
			mainGroup = 25652F9B1E70DE3500B9673E;
			productRefGroup = 25652FA51E70DE3500B9673E /* Products */;
			projectDirPath = "";
			projectRoot = "";
			targets = (
				25652FA31E70DE3500B9673E /* Factory */,
				25652FBC1E70DE3600B9673E /* FactoryTests */,
				25652FC71E70DE3600B9673E /* FactoryUITests */,
			);
		};
/* End PBXProject section */

/* Begin PBXResourcesBuildPhase section */
		25652FA21E70DE3500B9673E /* Resources */ = {
			isa = PBXResourcesBuildPhase;
			buildActionMask = 2147483647;
			files = (
				25652FB71E70DE3600B9673E /* LaunchScreen.storyboard in Resources */,
				25652FB41E70DE3600B9673E /* Assets.xcassets in Resources */,
				25652FE11E70DF2600B9673E /* data.plist in Resources */,
				25652FB21E70DE3600B9673E /* Main.storyboard in Resources */,
			);
			runOnlyForDeploymentPostprocessing = 0;
		};
		25652FBB1E70DE3600B9673E /* Resources */ = {
			isa = PBXResourcesBuildPhase;
			buildActionMask = 2147483647;
			files = (
			);
			runOnlyForDeploymentPostprocessing = 0;
		};
		25652FC61E70DE3600B9673E /* Resources */ = {
			isa = PBXResourcesBuildPhase;
			buildActionMask = 2147483647;
			files = (
			);
			runOnlyForDeploymentPostprocessing = 0;
		};
/* End PBXResourcesBuildPhase section */

/* Begin PBXSourcesBuildPhase section */
		25652FA01E70DE3500B9673E /* Sources */ = {
			isa = PBXSourcesBuildPhase;
			buildActionMask = 2147483647;
			files = (
				25652FF21E70E02700B9673E /* ThreeModel.m in Sources */,
				25652FE91E70E00200B9673E /* OneModel.m in Sources */,
				25652FEC1E70E00A00B9673E /* TwoModel.m in Sources */,
				25652FDF1E70DE8700B9673E /* YCWebImage.m in Sources */,
				25652FFE1E70E14300B9673E /* ThreeModelCell.m in Sources */,
				25652FDC1E70DE6900B9673E /* RootTableViewController.m in Sources */,
				25652FF51E70E10F00B9673E /* BaseCell.m in Sources */,
				25652FF81E70E12600B9673E /* OneModelCell.m in Sources */,
				25652FAC1E70DE3500B9673E /* AppDelegate.m in Sources */,
				25652FE61E70DFF000B9673E /* BaseModel.m in Sources */,
				25652FFB1E70E13900B9673E /* TwoModelCell.m in Sources */,
				25652FA91E70DE3500B9673E /* main.m in Sources */,
			);
			runOnlyForDeploymentPostprocessing = 0;
		};
		25652FB91E70DE3600B9673E /* Sources */ = {
			isa = PBXSourcesBuildPhase;
			buildActionMask = 2147483647;
			files = (
				25652FC21E70DE3600B9673E /* FactoryTests.m in Sources */,
			);
			runOnlyForDeploymentPostprocessing = 0;
		};
		25652FC41E70DE3600B9673E /* Sources */ = {
			isa = PBXSourcesBuildPhase;
			buildActionMask = 2147483647;
			files = (
				25652FCD1E70DE3600B9673E /* FactoryUITests.m in Sources */,
			);
			runOnlyForDeploymentPostprocessing = 0;
		};
/* End PBXSourcesBuildPhase section */

/* Begin PBXTargetDependency section */
		25652FBF1E70DE3600B9673E /* PBXTargetDependency */ = {
			isa = PBXTargetDependency;
			target = 25652FA31E70DE3500B9673E /* Factory */;
			targetProxy = 25652FBE1E70DE3600B9673E /* PBXContainerItemProxy */;
		};
		25652FCA1E70DE3600B9673E /* PBXTargetDependency */ = {
			isa = PBXTargetDependency;
			target = 25652FA31E70DE3500B9673E /* Factory */;
			targetProxy = 25652FC91E70DE3600B9673E /* PBXContainerItemProxy */;
		};
/* End PBXTargetDependency section */

/* Begin PBXVariantGroup section */
		25652FB01E70DE3600B9673E /* Main.storyboard */ = {
			isa = PBXVariantGroup;
			children = (
				25652FB11E70DE3600B9673E /* Base */,
			);
			name = Main.storyboard;
			sourceTree = "<group>";
		};
		25652FB51E70DE3600B9673E /* LaunchScreen.storyboard */ = {
			isa = PBXVariantGroup;
			children = (
				25652FB61E70DE3600B9673E /* Base */,
			);
			name = LaunchScreen.storyboard;
			sourceTree = "<group>";
		};
/* End PBXVariantGroup section */

/* Begin XCBuildConfiguration section */
		25652FCF1E70DE3600B9673E /* Debug */ = {
			isa = XCBuildConfiguration;
			buildSettings = {
				ALWAYS_SEARCH_USER_PATHS = NO;
				CLANG_ANALYZER_NONNULL = YES;
				CLANG_CXX_LANGUAGE_STANDARD = "gnu++0x";
				CLANG_CXX_LIBRARY = "libc++";
				CLANG_ENABLE_MODULES = YES;
				CLANG_ENABLE_OBJC_ARC = YES;
				CLANG_WARN_BOOL_CONVERSION = YES;
				CLANG_WARN_CONSTANT_CONVERSION = YES;
				CLANG_WARN_DIRECT_OBJC_ISA_USAGE = YES_ERROR;
				CLANG_WARN_DOCUMENTATION_COMMENTS = YES;
				CLANG_WARN_EMPTY_BODY = YES;
				CLANG_WARN_ENUM_CONVERSION = YES;
				CLANG_WARN_INFINITE_RECURSION = YES;
				CLANG_WARN_INT_CONVERSION = YES;
				CLANG_WARN_OBJC_ROOT_CLASS = YES_ERROR;
				CLANG_WARN_SUSPICIOUS_MOVE = YES;
				CLANG_WARN_UNREACHABLE_CODE = YES;
				CLANG_WARN__DUPLICATE_METHOD_MATCH = YES;
				"CODE_SIGN_IDENTITY[sdk=iphoneos*]" = "iPhone Developer";
				COPY_PHASE_STRIP = NO;
				DEBUG_INFORMATION_FORMAT = dwarf;
				ENABLE_STRICT_OBJC_MSGSEND = YES;
				ENABLE_TESTABILITY = YES;
				GCC_C_LANGUAGE_STANDARD = gnu99;
				GCC_DYNAMIC_NO_PIC = NO;
				GCC_NO_COMMON_BLOCKS = YES;
				GCC_OPTIMIZATION_LEVEL = 0;
				GCC_PREPROCESSOR_DEFINITIONS = (
					"DEBUG=1",
					"$(inherited)",
				);
				GCC_WARN_64_TO_32_BIT_CONVERSION = YES;
				GCC_WARN_ABOUT_RETURN_TYPE = YES_ERROR;
				GCC_WARN_UNDECLARED_SELECTOR = YES;
				GCC_WARN_UNINITIALIZED_AUTOS = YES_AGGRESSIVE;
				GCC_WARN_UNUSED_FUNCTION = YES;
				GCC_WARN_UNUSED_VARIABLE = YES;
				IPHONEOS_DEPLOYMENT_TARGET = 10.2;
				MTL_ENABLE_DEBUG_INFO = YES;
				ONLY_ACTIVE_ARCH = YES;
				SDKROOT = iphoneos;
				TARGETED_DEVICE_FAMILY = "1,2";
			};
			name = Debug;
		};
		25652FD01E70DE3600B9673E /* Release */ = {
			isa = XCBuildConfiguration;
			buildSettings = {
				ALWAYS_SEARCH_USER_PATHS = NO;
				CLANG_ANALYZER_NONNULL = YES;
				CLANG_CXX_LANGUAGE_STANDARD = "gnu++0x";
				CLANG_CXX_LIBRARY = "libc++";
				CLANG_ENABLE_MODULES = YES;
				CLANG_ENABLE_OBJC_ARC = YES;
				CLANG_WARN_BOOL_CONVERSION = YES;
				CLANG_WARN_CONSTANT_CONVERSION = YES;
				CLANG_WARN_DIRECT_OBJC_ISA_USAGE = YES_ERROR;
				CLANG_WARN_DOCUMENTATION_COMMENTS = YES;
				CLANG_WARN_EMPTY_BODY = YES;
				CLANG_WARN_ENUM_CONVERSION = YES;
				CLANG_WARN_INFINITE_RECURSION = YES;
				CLANG_WARN_INT_CONVERSION = YES;
				CLANG_WARN_OBJC_ROOT_CLASS = YES_ERROR;
				CLANG_WARN_SUSPICIOUS_MOVE = YES;
				CLANG_WARN_UNREACHABLE_CODE = YES;
				CLANG_WARN__DUPLICATE_METHOD_MATCH = YES;
				"CODE_SIGN_IDENTITY[sdk=iphoneos*]" = "iPhone Developer";
				COPY_PHASE_STRIP = NO;
				DEBUG_INFORMATION_FORMAT = "dwarf-with-dsym";
				ENABLE_NS_ASSERTIONS = NO;
				ENABLE_STRICT_OBJC_MSGSEND = YES;
				GCC_C_LANGUAGE_STANDARD = gnu99;
				GCC_NO_COMMON_BLOCKS = YES;
				GCC_WARN_64_TO_32_BIT_CONVERSION = YES;
				GCC_WARN_ABOUT_RETURN_TYPE = YES_ERROR;
				GCC_WARN_UNDECLARED_SELECTOR = YES;
				GCC_WARN_UNINITIALIZED_AUTOS = YES_AGGRESSIVE;
				GCC_WARN_UNUSED_FUNCTION = YES;
				GCC_WARN_UNUSED_VARIABLE = YES;
				IPHONEOS_DEPLOYMENT_TARGET = 10.2;
				MTL_ENABLE_DEBUG_INFO = NO;
				SDKROOT = iphoneos;
				TARGETED_DEVICE_FAMILY = "1,2";
				VALIDATE_PRODUCT = YES;
			};
			name = Release;
		};
		25652FD21E70DE3600B9673E /* Debug */ = {
			isa = XCBuildConfiguration;
			buildSettings = {
				ASSETCATALOG_COMPILER_APPICON_NAME = AppIcon;
				DEVELOPMENT_TEAM = D6NH4X2WX7;
				GCC_PREFIX_HEADER = Factory/PrefixHeader.pch;
				INFOPLIST_FILE = Factory/Info.plist;
				IPHONEOS_DEPLOYMENT_TARGET = 10.0;
				LD_RUNPATH_SEARCH_PATHS = "$(inherited) @executable_path/Frameworks";
				PRODUCT_BUNDLE_IDENTIFIER = DJnet.Factory;
				PRODUCT_NAME = "$(TARGET_NAME)";
			};
			name = Debug;
		};
		25652FD31E70DE3600B9673E /* Release */ = {
			isa = XCBuildConfiguration;
			buildSettings = {
				ASSETCATALOG_COMPILER_APPICON_NAME = AppIcon;
				DEVELOPMENT_TEAM = D6NH4X2WX7;
				GCC_PREFIX_HEADER = Factory/PrefixHeader.pch;
				INFOPLIST_FILE = Factory/Info.plist;
				IPHONEOS_DEPLOYMENT_TARGET = 10.0;
				LD_RUNPATH_SEARCH_PATHS = "$(inherited) @executable_path/Frameworks";
				PRODUCT_BUNDLE_IDENTIFIER = DJnet.Factory;
				PRODUCT_NAME = "$(TARGET_NAME)";
			};
			name = Release;
		};
		25652FD51E70DE3600B9673E /* Debug */ = {
			isa = XCBuildConfiguration;
			buildSettings = {
				BUNDLE_LOADER = "$(TEST_HOST)";
				INFOPLIST_FILE = FactoryTests/Info.plist;
				LD_RUNPATH_SEARCH_PATHS = "$(inherited) @executable_path/Frameworks @loader_path/Frameworks";
				PRODUCT_BUNDLE_IDENTIFIER = DJnet.FactoryTests;
				PRODUCT_NAME = "$(TARGET_NAME)";
				TEST_HOST = "$(BUILT_PRODUCTS_DIR)/Factory.app/Factory";
			};
			name = Debug;
		};
		25652FD61E70DE3600B9673E /* Release */ = {
			isa = XCBuildConfiguration;
			buildSettings = {
				BUNDLE_LOADER = "$(TEST_HOST)";
				INFOPLIST_FILE = FactoryTests/Info.plist;
				LD_RUNPATH_SEARCH_PATHS = "$(inherited) @executable_path/Frameworks @loader_path/Frameworks";
				PRODUCT_BUNDLE_IDENTIFIER = DJnet.FactoryTests;
				PRODUCT_NAME = "$(TARGET_NAME)";
				TEST_HOST = "$(BUILT_PRODUCTS_DIR)/Factory.app/Factory";
			};
			name = Release;
		};
		25652FD81E70DE3600B9673E /* Debug */ = {
			isa = XCBuildConfiguration;
			buildSettings = {
				INFOPLIST_FILE = FactoryUITests/Info.plist;
				LD_RUNPATH_SEARCH_PATHS = "$(inherited) @executable_path/Frameworks @loader_path/Frameworks";
				PRODUCT_BUNDLE_IDENTIFIER = DJnet.FactoryUITests;
				PRODUCT_NAME = "$(TARGET_NAME)";
				TEST_TARGET_NAME = Factory;
			};
			name = Debug;
		};
		25652FD91E70DE3600B9673E /* Release */ = {
			isa = XCBuildConfiguration;
			buildSettings = {
				INFOPLIST_FILE = FactoryUITests/Info.plist;
				LD_RUNPATH_SEARCH_PATHS = "$(inherited) @executable_path/Frameworks @loader_path/Frameworks";
				PRODUCT_BUNDLE_IDENTIFIER = DJnet.FactoryUITests;
				PRODUCT_NAME = "$(TARGET_NAME)";
				TEST_TARGET_NAME = Factory;
			};
			name = Release;
		};
/* End XCBuildConfiguration section */

/* Begin XCConfigurationList section */
		25652F9F1E70DE3500B9673E /* Build configuration list for PBXProject "Factory" */ = {
			isa = XCConfigurationList;
			buildConfigurations = (
				25652FCF1E70DE3600B9673E /* Debug */,
				25652FD01E70DE3600B9673E /* Release */,
			);
			defaultConfigurationIsVisible = 0;
			defaultConfigurationName = Release;
		};
		25652FD11E70DE3600B9673E /* Build configuration list for PBXNativeTarget "Factory" */ = {
			isa = XCConfigurationList;
			buildConfigurations = (
				25652FD21E70DE3600B9673E /* Debug */,
				25652FD31E70DE3600B9673E /* Release */,
			);
			defaultConfigurationIsVisible = 0;
		};
		25652FD41E70DE3600B9673E /* Build configuration list for PBXNativeTarget "FactoryTests" */ = {
			isa = XCConfigurationList;
			buildConfigurations = (
				25652FD51E70DE3600B9673E /* Debug */,
				25652FD61E70DE3600B9673E /* Release */,
			);
			defaultConfigurationIsVisible = 0;
		};
		25652FD71E70DE3600B9673E /* Build configuration list for PBXNativeTarget "FactoryUITests" */ = {
			isa = XCConfigurationList;
			buildConfigurations = (
				25652FD81E70DE3600B9673E /* Debug */,
				25652FD91E70DE3600B9673E /* Release */,
			);
			defaultConfigurationIsVisible = 0;
		};
/* End XCConfigurationList section */
	};
	rootObject = 25652F9C1E70DE3500B9673E /* Project object */;
}
